
Microsoft Visual Studio Solution File, Format Version 12.00
# Visual Studio Version 17
VisualStudioVersion = 17.14.36717.8 d17.14
MinimumVisualStudioVersion = 10.0.40219.1
Project("{FAE04EC0-301F-11D3-BF4B-00C04F79EFBC}") = "BackEnd", "BackEnd\BackEnd.csproj", "{264496A7-FCBC-4008-A2A9-3F4E2F9C093F}"
EndProject
Global
	GlobalSection(SolutionConfigurationPlatforms) = preSolution
		Debug|Any CPU = Debug|Any CPU
		Release|Any CPU = Release|Any CPU
	EndGlobalSection
	GlobalSection(ProjectConfigurationPlatforms) = postSolution
		{264496A7-FCBC-4008-A2A9-3F4E2F9C093F}.Debug|Any CPU.ActiveCfg = Debug|Any CPU
		{264496A7-FCBC-4008-A2A9-3F4E2F9C093F}.Debug|Any CPU.Build.0 = Debug|Any CPU
		{264496A7-FCBC-4008-A2A9-3F4E2F9C093F}.Release|Any CPU.ActiveCfg = Release|Any CPU
		{264496A7-FCBC-4008-A2A9-3F4E2F9C093F}.Release|Any CPU.Build.0 = Release|Any CPU
	EndGlobalSection
	GlobalSection(SolutionProperties) = preSolution
		HideSolutionNode = FALSE
	EndGlobalSection
	GlobalSection(ExtensibilityGlobals) = postSolution
		SolutionGuid = {2DC7C453-BFFF-4C35-902E-3906C7F0525F}
	EndGlobalSection
EndGlobal
